{
  "nodes": {
    "encore": {
      "inputs": {
        "nixpkgs": [
          "nixpkgs"
        ]
      },
      "locked": {
        "lastModified": 1788969823,
        "narHash": "sha256-od0yX4Ouei1bhVRxvl86W/RZ/H7ZCx4u3pGtDs29hk0=",
        "owner": "encoredev",
        "repo": "encore-flake",
        "rev": "02992b3885ed32c74c4ddc7c70a6107f0d24711b",
        "type": "github"
      },
      "original": {
        "owner": "encoredev",
        "repo": "encore-flake",
        "type": "github"
      }
    },
    "flake-utils": {
      "inputs": {
        "systems": "systems"
      },
      "locked": {
        "lastModified": 1731533236,
        "narHash": "sha256-l0KFg5HjrsfsO/JpG+r7fRrqm12kzFHyUHqHCVpMMbI=",
        "owner": "numtide",
        "repo": "flake-utils",
        "rev": "11707dc2f618dd54ca8739b309ec4fc024de578b",
        "type": "github"
      },
      "original": {
        "owner": "numtide",
        "repo": "flake-utils",
        "type": "github"
      }
    },
    "nixpkgs": {
      "locked": {
        "lastModified": 1789095444,
        "narHash": "sha256-b90irzUFq4LdIUkzbndJJTi6Vl8Q/RMcA9WzhsJRwv4=",
        "owner": "NixOS",
        "repo": "nixpkgs",
        "rev": "1b6da2e06d246685a0b02e1d264d6359507d0750",
        "type": "github"
      },
      "original": {
        "owner": "NixOS",
        "ref": "release-26.05",
        "repo": "nixpkgs",
        "type": "github"
      }
    },
    "root": {
      "inputs": {
        "encore": "encore",
        "flake-utils": "flake-utils",
        "nixpkgs": "nixpkgs",
        "rust-overlay": "rust-overlay"
      }
    },
    "rust-overlay": {
      "inputs": {
        "nixpkgs": [
          "nixpkgs"
        ]
      },
      "locked": {
        "lastModified": 1789024335,
        "narHash": "sha256-kCy/MVLRIr95DJ4vspVzWj+kO/x+JuwSHmYZCvShg8w=",
        "owner": "oxalica",
        "repo": "rust-overlay",
        "rev": "577bb1e1fc5af0713169176c5c76622c21fa3ec0",
        "type": "github"
      },
      "original": {
        "owner": "oxalica",
        "repo": "rust-overlay",
        "type": "github"
      }
    },
    "systems": {
      "locked": {
        "lastModified": 1681028828,
        "narHash": "sha256-Vy1rq5AaRuLzOxct8nz4T6wlgyUR7zLU309k9mBC768=",
        "owner": "nix-systems",
        "repo": "default",
        "rev": "da67096a3b9bf56a91d16901293e51ba5b49a27e",
        "type": "github"
      },
      "original": {
        "owner": "nix-systems",
        "repo": "default",
        "type": "github"
      }
    }
  },
  "root": "root",
  "version": 7
}
